<?xml version="1.0" encoding="utf-8"?>
<Project ToolsVersion="4.0" xmlns="http://schemas.microsoft.com/developer/msbuild/2003">
  <ItemGroup>
    <Filter Include="Source Files">
      <UniqueIdentifier>{4FC737F1-C7A5-4376-A066-2A32D752A2FF}</UniqueIdentifier>
      <Extensions>cpp;c;cc;cxx;c++;cppm;ixx;def;odl;idl;hpj;bat;asm;asmx</Extensions>
    </Filter>
    <Filter Include="Header Files">
      <UniqueIdentifier>{93995380-89BD-4b04-88EB-625FBE52EBFB}</UniqueIdentifier>
      <Extensions>h;hh;hpp;hxx;h++;hm;inl;inc;ipp;xsd</Extensions>
    </Filter>
    <Filter Include="Resource Files">
      <UniqueIdentifier>{67DA6AB6-F800-4c08-8B7A-83BB121AAD01}</UniqueIdentifier>
      <Extensions>rc;ico;cur;bmp;dlg;rc2;rct;bin;rgs;gif;jpg;jpeg;jpe;resx;tiff;tif;png;wav;mfcribbon-ms</Extensions>
    </Filter>
    <Filter Include="Source Files\FESB">
      <UniqueIdentifier>{05e1b36a-171e-48d5-8d06-3688fc50b6c2}</UniqueIdentifier>
    </Filter>
    <Filter Include="Source Files\C++ knjiga">
      <UniqueIdentifier>{d46455e9-b53b-41cf-9d14-47e02a62ae7b}</UniqueIdentifier>
    </Filter>
    <Filter Include="Source Files\razno">
      <UniqueIdentifier>{73490c92-7028-43fd-b580-b613a43af048}</UniqueIdentifier>
    </Filter>
    <Filter Include="Source Files\ThinkLAP">
      <UniqueIdentifier>{21dd55ca-811b-4908-9886-24ea0a49ab7a}</UniqueIdentifier>
    </Filter>
    <Filter Include="Header Files\C++ knjiga">
      <UniqueIdentifier>{46c33a99-201f-440b-8b6f-c9311b9d039f}</UniqueIdentifier>
    </Filter>
    <Filter Include="Header Files\FESB">
      <UniqueIdentifier>{b5901263-1547-412d-80f4-154d2af748ee}</UniqueIdentifier>
    </Filter>
    <Filter Include="Header Files\razno">
      <UniqueIdentifier>{01d7e3ab-4a39-4c23-9fec-40413bbd0487}</UniqueIdentifier>
    </Filter>
    <Filter Include="Header Files\ThinkLAP">
      <UniqueIdentifier>{9c0fe576-cb96-44eb-babf-a8eab3024a60}</UniqueIdentifier>
    </Filter>
    <Filter Include="Resource Files\C++ knjiga">
      <UniqueIdentifier>{998f0fa7-f648-41fa-8fe0-ea4419fd5d63}</UniqueIdentifier>
    </Filter>
    <Filter Include="Resource Files\FESB">
      <UniqueIdentifier>{40478354-0d8f-491a-a2cc-69d7dc8a89f6}</UniqueIdentifier>
    </Filter>
    <Filter Include="Resource Files\ThinkLAP">
      <UniqueIdentifier>{57a4fb84-8be2-423d-918b-da3eccfc853f}</UniqueIdentifier>
    </Filter>
  </ItemGroup>
  <ItemGroup>
    <ClCompile Include="..\_Projekti\FESB\Programiranje 2(7- 12 vjezbe).cpp">
      <Filter>Source Files\FESB</Filter>
    </ClCompile>
    <ClCompile Include="..\_Projekti\FESB\Programiranje 2.cpp">
      <Filter>Source Files\FESB</Filter>
    </ClCompile>
    <ClCompile Include="..\_Projekti\FESB\Source.cpp">
      <Filter>Source Files\FESB</Filter>
    </ClCompile>
    <ClCompile Include="..\_Projekti\C++ knjiga\bonus.cpp">
      <Filter>Source Files\C++ knjiga</Filter>
    </ClCompile>
    <ClCompile Include="..\_Projekti\C++ knjiga\CD.cpp">
      <Filter>Source Files\C++ knjiga</Filter>
    </ClCompile>
    <ClCompile Include="..\_Projekti\C++ knjiga\Cjelina1.cpp">
      <Filter>Source Files\C++ knjiga</Filter>
    </ClCompile>
    <ClCompile Include="..\_Projekti\C++ knjiga\Cjelina2.cpp">
      <Filter>Source Files\C++ knjiga</Filter>
    </ClCompile>
    <ClCompile Include="..\_Projekti\C++ knjiga\Cjelina3.cpp">
      <Filter>Source Files\C++ knjiga</Filter>
    </ClCompile>
    <ClCompile Include="..\_Projekti\C++ knjiga\Cjelina4.cpp">
      <Filter>Source Files\C++ knjiga</Filter>
    </ClCompile>
    <ClCompile Include="..\_Projekti\C++ knjiga\Cjelina5.cpp">
      <Filter>Source Files\C++ knjiga</Filter>
    </ClCompile>
    <ClCompile Include="..\_Projekti\C++ knjiga\Cjelina6.cpp">
      <Filter>Source Files\C++ knjiga</Filter>
    </ClCompile>
    <ClCompile Include="..\_Projekti\C++ knjiga\Cjelina7.cpp">
      <Filter>Source Files\C++ knjiga</Filter>
    </ClCompile>
    <ClCompile Include="..\_Projekti\C++ knjiga\Cjelina8.cpp">
      <Filter>Source Files\C++ knjiga</Filter>
    </ClCompile>
    <ClCompile Include="..\_Projekti\C++ knjiga\Cjelina9.cpp">
      <Filter>Source Files\C++ knjiga</Filter>
    </ClCompile>
    <ClCompile Include="..\_Projekti\C++ knjiga\Cjelina10.cpp">
      <Filter>Source Files\C++ knjiga</Filter>
    </ClCompile>
    <ClCompile Include="..\_Projekti\C++ knjiga\Clan_obitelji.cpp">
      <Filter>Source Files\C++ knjiga</Filter>
    </ClCompile>
    <ClCompile Include="..\_Projekti\C++ knjiga\Dijete.cpp">
      <Filter>Source Files\C++ knjiga</Filter>
    </ClCompile>
    <ClCompile Include="..\_Projekti\C++ knjiga\DVD.cpp">
      <Filter>Source Files\C++ knjiga</Filter>
    </ClCompile>
    <ClCompile Include="..\_Projekti\C++ knjiga\iarray.cpp">
      <Filter>Source Files\C++ knjiga</Filter>
    </ClCompile>
    <ClCompile Include="..\_Projekti\C++ knjiga\KlNiz.cpp">
      <Filter>Source Files\C++ knjiga</Filter>
    </ClCompile>
    <ClCompile Include="..\_Projekti\C++ knjiga\Kolegij.cpp">
      <Filter>Source Files\C++ knjiga</Filter>
    </ClCompile>
    <ClCompile Include="..\_Projekti\C++ knjiga\Kompleks.cpp">
      <Filter>Source Files\C++ knjiga</Filter>
    </ClCompile>
    <ClCompile Include="..\_Projekti\C++ knjiga\Krug.cpp">
      <Filter>Source Files\C++ knjiga</Filter>
    </ClCompile>
    <ClCompile Include="..\_Projekti\C++ knjiga\LP.cpp">
      <Filter>Source Files\C++ knjiga</Filter>
    </ClCompile>
    <ClCompile Include="..\_Projekti\C++ knjiga\main.cpp">
      <Filter>Source Files\C++ knjiga</Filter>
    </ClCompile>
    <ClCompile Include="..\_Projekti\C++ knjiga\MP3CD.cpp">
      <Filter>Source Files\C++ knjiga</Filter>
    </ClCompile>
    <ClCompile Include="..\_Projekti\C++ knjiga\OOP.cpp">
      <Filter>Source Files\C++ knjiga</Filter>
    </ClCompile>
    <ClCompile Include="..\_Projekti\C++ knjiga\Ploca.cpp">
      <Filter>Source Files\C++ knjiga</Filter>
    </ClCompile>
    <ClCompile Include="..\_Projekti\C++ knjiga\Roditelj.cpp">
      <Filter>Source Files\C++ knjiga</Filter>
    </ClCompile>
    <ClCompile Include="..\_Projekti\C++ knjiga\Tocka.cpp">
      <Filter>Source Files\C++ knjiga</Filter>
    </ClCompile>
    <ClCompile Include="..\_Projekti\C++ knjiga\Tocka2.cpp">
      <Filter>Source Files\C++ knjiga</Filter>
    </ClCompile>
    <ClCompile Include="..\_Projekti\C++ knjiga\Tocka2D.cpp">
      <Filter>Source Files\C++ knjiga</Filter>
    </ClCompile>
    <ClCompile Include="..\_Projekti\C++ knjiga\Tocka3D.cpp">
      <Filter>Source Files\C++ knjiga</Filter>
    </ClCompile>
    <ClCompile Include="..\_Projekti\C++ knjiga\z121.cpp">
      <Filter>Source Files\C++ knjiga</Filter>
    </ClCompile>
    <ClCompile Include="..\_Projekti\razno\_WTF.cpp">
      <Filter>Source Files\razno</Filter>
    </ClCompile>
    <ClCompile Include="..\_Projekti\razno\b_Number.cpp">
      <Filter>Source Files\razno</Filter>
    </ClCompile>
    <ClCompile Include="..\_Projekti\razno\b_Oblik.cpp">
      <Filter>Source Files\razno</Filter>
    </ClCompile>
    <ClCompile Include="..\_Projekti\razno\Checkbook.cpp">
      <Filter>Source Files\razno</Filter>
    </ClCompile>
    <ClCompile Include="..\_Projekti\razno\d_BlankStr_matcher.cpp">
      <Filter>Source Files\razno</Filter>
    </ClCompile>
    <ClCompile Include="..\_Projekti\razno\d_Dek.cpp">
      <Filter>Source Files\razno</Filter>
    </ClCompile>
    <ClCompile Include="..\_Projekti\razno\d_Hex.cpp">
      <Filter>Source Files\razno</Filter>
    </ClCompile>
    <ClCompile Include="..\_Projekti\razno\d_Krug.cpp">
      <Filter>Source Files\razno</Filter>
    </ClCompile>
    <ClCompile Include="..\_Projekti\razno\d_Kvadrat.cpp">
      <Filter>Source Files\razno</Filter>
    </ClCompile>
    <ClCompile Include="..\_Projekti\razno\d_Number_mather.cpp">
      <Filter>Source Files\razno</Filter>
    </ClCompile>
    <ClCompile Include="..\_Projekti\razno\d_Okt.cpp">
      <Filter>Source Files\razno</Filter>
    </ClCompile>
    <ClCompile Include="..\_Projekti\razno\d_Trokut.cpp">
      <Filter>Source Files\razno</Filter>
    </ClCompile>
    <ClCompile Include="..\_Projekti\razno\Decimal.cpp">
      <Filter>Source Files\razno</Filter>
    </ClCompile>
    <ClCompile Include="..\_Projekti\razno\Dogs.cpp">
      <Filter>Source Files\razno</Filter>
    </ClCompile>
    <ClCompile Include="..\_Projekti\razno\File_16C.cpp">
      <Filter>Source Files\razno</Filter>
    </ClCompile>
    <ClCompile Include="..\_Projekti\razno\FlashCards.cpp">
      <Filter>Source Files\razno</Filter>
    </ClCompile>
    <ClCompile Include="..\_Projekti\razno\Horses.cpp">
      <Filter>Source Files\razno</Filter>
    </ClCompile>
    <ClCompile Include="..\_Projekti\razno\infOsobi.cpp">
      <Filter>Source Files\razno</Filter>
    </ClCompile>
    <ClCompile Include="..\_Projekti\razno\Line_number.cpp">
      <Filter>Source Files\razno</Filter>
    </ClCompile>
    <ClCompile Include="..\_Projekti\razno\List.cpp">
      <Filter>Source Files\razno</Filter>
    </ClCompile>
    <ClCompile Include="..\_Projekti\razno\Mail_label.cpp">
      <Filter>Source Files\razno</Filter>
    </ClCompile>
    <ClCompile Include="..\_Projekti\razno\Niz_template.cpp">
      <Filter>Source Files\razno</Filter>
    </ClCompile>
    <ClCompile Include="..\_Projekti\razno\PageFormatting.cpp">
      <Filter>Source Files\razno</Filter>
    </ClCompile>
    <ClCompile Include="..\_Projekti\razno\Parsity.cpp">
      <Filter>Source Files\razno</Filter>
    </ClCompile>
    <ClCompile Include="..\_Projekti\razno\Pigs.cpp">
      <Filter>Source Files\razno</Filter>
    </ClCompile>
    <ClCompile Include="..\_Projekti\razno\Queue.cpp">
      <Filter>Source Files\razno</Filter>
    </ClCompile>
    <ClCompile Include="..\_Projekti\razno\Razlomak.cpp">
      <Filter>Source Files\razno</Filter>
    </ClCompile>
    <ClCompile Include="..\_Projekti\razno\razno.cpp">
      <Filter>Source Files\razno</Filter>
    </ClCompile>
    <ClCompile Include="..\_Projekti\razno\ShareFile1.cpp">
      <Filter>Source Files\razno</Filter>
    </ClCompile>
    <ClCompile Include="..\_Projekti\razno\ShareFile2_.cpp">
      <Filter>Source Files\razno</Filter>
    </ClCompile>
    <ClCompile Include="..\_Projekti\razno\ShareFileInterface.cpp">
      <Filter>Source Files\razno</Filter>
    </ClCompile>
    <ClCompile Include="..\_Projekti\razno\Small_set.cpp">
      <Filter>Source Files\razno</Filter>
    </ClCompile>
    <ClCompile Include="..\_Projekti\razno\Stack_Instance.cpp">
      <Filter>Source Files\razno</Filter>
    </ClCompile>
    <ClCompile Include="..\_Projekti\razno\String_matcher.cpp">
      <Filter>Source Files\razno</Filter>
    </ClCompile>
    <ClCompile Include="..\_Projekti\razno\StringDouble.cpp">
      <Filter>Source Files\razno</Filter>
    </ClCompile>
    <ClCompile Include="..\_Projekti\razno\SymbolTable.cpp">
      <Filter>Source Files\razno</Filter>
    </ClCompile>
    <ClCompile Include="..\_Projekti\razno\Time.cpp">
      <Filter>Source Files\razno</Filter>
    </ClCompile>
    <ClCompile Include="..\_Projekti\razno\Word_match.cpp">
      <Filter>Source Files\razno</Filter>
    </ClCompile>
    <ClCompile Include="main.cpp">
      <Filter>Source Files</Filter>
    </ClCompile>
    <ClCompile Include="..\_Projekti\ThinkLAP\__main.cpp">
      <Filter>Source Files\ThinkLAP</Filter>
    </ClCompile>
    <ClCompile Include="..\_Projekti\ThinkLAP\Automobile.cpp">
      <Filter>Source Files\ThinkLAP</Filter>
    </ClCompile>
    <ClCompile Include="..\_Projekti\ThinkLAP\main.cpp">
      <Filter>Source Files\ThinkLAP</Filter>
    </ClCompile>
    <ClCompile Include="..\_Projekti\ThinkLAP\myCharPtr.cpp">
      <Filter>Source Files\ThinkLAP</Filter>
    </ClCompile>
    <ClCompile Include="..\_Projekti\ThinkLAP\Poglavlje2.cpp">
      <Filter>Source Files\ThinkLAP</Filter>
    </ClCompile>
    <ClCompile Include="..\_Projekti\ThinkLAP\Poglavlje3.cpp">
      <Filter>Source Files\ThinkLAP</Filter>
    </ClCompile>
    <ClCompile Include="..\_Projekti\ThinkLAP\Poglavlje4.cpp">
      <Filter>Source Files\ThinkLAP</Filter>
    </ClCompile>
    <ClCompile Include="..\_Projekti\ThinkLAP\Poglavlje5.cpp">
      <Filter>Source Files\ThinkLAP</Filter>
    </ClCompile>
    <ClCompile Include="..\_Projekti\ThinkLAP\Poglavlje6.cpp">
      <Filter>Source Files\ThinkLAP</Filter>
    </ClCompile>
    <ClCompile Include="..\_Projekti\ThinkLAP\Poglavlje7.cpp">
      <Filter>Source Files\ThinkLAP</Filter>
    </ClCompile>
    <ClCompile Include="..\_Projekti\ThinkLAP\Poglavlje8.cpp">
      <Filter>Source Files\ThinkLAP</Filter>
    </ClCompile>
    <ClCompile Include="..\_Projekti\ThinkLAP\StringLinkedList.cpp">
      <Filter>Source Files\ThinkLAP</Filter>
    </ClCompile>
    <ClCompile Include="..\_Projekti\ThinkLAP\Student.cpp">
      <Filter>Source Files\ThinkLAP</Filter>
    </ClCompile>
    <ClCompile Include="..\_Projekti\ThinkLAP\test_Zadaci_array.cpp">
      <Filter>Source Files\ThinkLAP</Filter>
    </ClCompile>
    <ClCompile Include="..\_Projekti\ThinkLAP\Vjezbe.cpp">
      <Filter>Source Files\ThinkLAP</Filter>
    </ClCompile>
    <ClCompile Include="..\_Projekti\ThinkLAP\Zadaci_array.cpp">
      <Filter>Source Files\ThinkLAP</Filter>
    </ClCompile>
    <ClCompile Include="..\_Projekti\ThinkLAP\Zadaci_List.cpp">
      <Filter>Source Files\ThinkLAP</Filter>
    </ClCompile>
  </ItemGroup>
  <ItemGroup>
    <None Include="..\_Projekti\C++ knjiga\kompleks.bin">
      <Filter>Header Files\C++ knjiga</Filter>
    </None>
    <None Include="..\_Projekti\C++ knjiga\datoteka.dat">
      <Filter>Resource Files\C++ knjiga</Filter>
    </None>
    <None Include="..\_Projekti\ThinkLAP\Student data.dat">
      <Filter>Resource Files\ThinkLAP</Filter>
    </None>
  </ItemGroup>
  <ItemGroup>
    <ClInclude Include="..\_Projekti\C++ knjiga\CD.h">
      <Filter>Header Files\C++ knjiga</Filter>
    </ClInclude>
    <ClInclude Include="..\_Projekti\C++ knjiga\Cjelina1.h">
      <Filter>Header Files\C++ knjiga</Filter>
    </ClInclude>
    <ClInclude Include="..\_Projekti\C++ knjiga\Cjelina2.h">
      <Filter>Header Files\C++ knjiga</Filter>
    </ClInclude>
    <ClInclude Include="..\_Projekti\C++ knjiga\Cjelina3.h">
      <Filter>Header Files\C++ knjiga</Filter>
    </ClInclude>
    <ClInclude Include="..\_Projekti\C++ knjiga\Cjelina4.h">
      <Filter>Header Files\C++ knjiga</Filter>
    </ClInclude>
    <ClInclude Include="..\_Projekti\C++ knjiga\Cjelina5.h">
      <Filter>Header Files\C++ knjiga</Filter>
    </ClInclude>
    <ClInclude Include="..\_Projekti\C++ knjiga\Cjelina6.h">
      <Filter>Header Files\C++ knjiga</Filter>
    </ClInclude>
    <ClInclude Include="..\_Projekti\C++ knjiga\Cjelina7.h">
      <Filter>Header Files\C++ knjiga</Filter>
    </ClInclude>
    <ClInclude Include="..\_Projekti\C++ knjiga\Cjelina8.h">
      <Filter>Header Files\C++ knjiga</Filter>
    </ClInclude>
    <ClInclude Include="..\_Projekti\C++ knjiga\Cjelina9.h">
      <Filter>Header Files\C++ knjiga</Filter>
    </ClInclude>
    <ClInclude Include="..\_Projekti\C++ knjiga\Cjelina10.h">
      <Filter>Header Files\C++ knjiga</Filter>
    </ClInclude>
    <ClInclude Include="..\_Projekti\C++ knjiga\Clan_obitelji.h">
      <Filter>Header Files\C++ knjiga</Filter>
    </ClInclude>
    <ClInclude Include="..\_Projekti\C++ knjiga\Dijete.h">
      <Filter>Header Files\C++ knjiga</Filter>
    </ClInclude>
    <ClInclude Include="..\_Projekti\C++ knjiga\DVD.h">
      <Filter>Header Files\C++ knjiga</Filter>
    </ClInclude>
    <ClInclude Include="..\_Projekti\C++ knjiga\iarray.h">
      <Filter>Header Files\C++ knjiga</Filter>
    </ClInclude>
    <ClInclude Include="..\_Projekti\C++ knjiga\KlNiz.h">
      <Filter>Header Files\C++ knjiga</Filter>
    </ClInclude>
    <ClInclude Include="..\_Projekti\C++ knjiga\Kolegij.h">
      <Filter>Header Files\C++ knjiga</Filter>
    </ClInclude>
    <ClInclude Include="..\_Projekti\C++ knjiga\Kompleks.h">
      <Filter>Header Files\C++ knjiga</Filter>
    </ClInclude>
    <ClInclude Include="..\_Projekti\C++ knjiga\Krug.h">
      <Filter>Header Files\C++ knjiga</Filter>
    </ClInclude>
    <ClInclude Include="..\_Projekti\C++ knjiga\LP.h">
      <Filter>Header Files\C++ knjiga</Filter>
    </ClInclude>
    <ClInclude Include="..\_Projekti\C++ knjiga\MP3CD.h">
      <Filter>Header Files\C++ knjiga</Filter>
    </ClInclude>
    <ClInclude Include="..\_Projekti\C++ knjiga\OOP.h">
      <Filter>Header Files\C++ knjiga</Filter>
    </ClInclude>
    <ClInclude Include="..\_Projekti\C++ knjiga\Ploca.h">
      <Filter>Header Files\C++ knjiga</Filter>
    </ClInclude>
    <ClInclude Include="..\_Projekti\C++ knjiga\resource.h">
      <Filter>Header Files\C++ knjiga</Filter>
    </ClInclude>
    <ClInclude Include="..\_Projekti\C++ knjiga\Roditelj.h">
      <Filter>Header Files\C++ knjiga</Filter>
    </ClInclude>
    <ClInclude Include="..\_Projekti\C++ knjiga\Tocka.h">
      <Filter>Header Files\C++ knjiga</Filter>
    </ClInclude>
    <ClInclude Include="..\_Projekti\C++ knjiga\Tocka2.h">
      <Filter>Header Files\C++ knjiga</Filter>
    </ClInclude>
    <ClInclude Include="..\_Projekti\C++ knjiga\Tocka2D.h">
      <Filter>Header Files\C++ knjiga</Filter>
    </ClInclude>
    <ClInclude Include="..\_Projekti\C++ knjiga\Tocka3D.h">
      <Filter>Header Files\C++ knjiga</Filter>
    </ClInclude>
    <ClInclude Include="..\_Projekti\razno\b_Number.hpp">
      <Filter>Header Files\razno</Filter>
    </ClInclude>
    <ClInclude Include="..\_Projekti\razno\b_Oblik.hpp">
      <Filter>Header Files\razno</Filter>
    </ClInclude>
    <ClInclude Include="..\_Projekti\razno\Checkbook.hpp">
      <Filter>Header Files\razno</Filter>
    </ClInclude>
    <ClInclude Include="..\_Projekti\razno\d_BlankStr_matcher.hpp">
      <Filter>Header Files\razno</Filter>
    </ClInclude>
    <ClInclude Include="..\_Projekti\razno\d_Dek.hpp">
      <Filter>Header Files\razno</Filter>
    </ClInclude>
    <ClInclude Include="..\_Projekti\razno\d_Hex.hpp">
      <Filter>Header Files\razno</Filter>
    </ClInclude>
    <ClInclude Include="..\_Projekti\razno\d_Krug.hpp">
      <Filter>Header Files\razno</Filter>
    </ClInclude>
    <ClInclude Include="..\_Projekti\razno\d_Kvadrat.hpp">
      <Filter>Header Files\razno</Filter>
    </ClInclude>
    <ClInclude Include="..\_Projekti\razno\d_Number_mather.hpp">
      <Filter>Header Files\razno</Filter>
    </ClInclude>
    <ClInclude Include="..\_Projekti\razno\d_Okt.hpp">
      <Filter>Header Files\razno</Filter>
    </ClInclude>
    <ClInclude Include="..\_Projekti\razno\d_Trokut.hpp">
      <Filter>Header Files\razno</Filter>
    </ClInclude>
    <ClInclude Include="..\_Projekti\razno\Decimal.hpp">
      <Filter>Header Files\razno</Filter>
    </ClInclude>
    <ClInclude Include="..\_Projekti\razno\Dogs.hpp">
      <Filter>Header Files\razno</Filter>
    </ClInclude>
    <ClInclude Include="..\_Projekti\razno\File_16C.hpp">
      <Filter>Header Files\razno</Filter>
    </ClInclude>
    <ClInclude Include="..\_Projekti\razno\FlashCards.hpp">
      <Filter>Header Files\razno</Filter>
    </ClInclude>
    <ClInclude Include="..\_Projekti\razno\Horses.hpp">
      <Filter>Header Files\razno</Filter>
    </ClInclude>
    <ClInclude Include="..\_Projekti\razno\infOsobi.hpp">
      <Filter>Header Files\razno</Filter>
    </ClInclude>
    <ClInclude Include="..\_Projekti\razno\Line_number.hpp">
      <Filter>Header Files\razno</Filter>
    </ClInclude>
    <ClInclude Include="..\_Projekti\razno\List.hpp">
      <Filter>Header Files\razno</Filter>
    </ClInclude>
    <ClInclude Include="..\_Projekti\razno\Mail_label.hpp">
      <Filter>Header Files\razno</Filter>
    </ClInclude>
    <ClInclude Include="..\_Projekti\razno\Niz_template.hpp">
      <Filter>Header Files\razno</Filter>
    </ClInclude>
    <ClInclude Include="..\_Projekti\razno\PageFormatting.hpp">
      <Filter>Header Files\razno</Filter>
    </ClInclude>
    <ClInclude Include="..\_Projekti\razno\Parsity.hpp">
      <Filter>Header Files\razno</Filter>
    </ClInclude>
    <ClInclude Include="..\_Projekti\razno\Pigs.hpp">
      <Filter>Header Files\razno</Filter>
    </ClInclude>
    <ClInclude Include="..\_Projekti\razno\Queue.hpp">
      <Filter>Header Files\razno</Filter>
    </ClInclude>
    <ClInclude Include="..\_Projekti\razno\Razlomak.hpp">
      <Filter>Header Files\razno</Filter>
    </ClInclude>
    <ClInclude Include="..\_Projekti\razno\ShareFile1.hpp">
      <Filter>Header Files\razno</Filter>
    </ClInclude>
    <ClInclude Include="..\_Projekti\razno\ShareFile2_.hpp">
      <Filter>Header Files\razno</Filter>
    </ClInclude>
    <ClInclude Include="..\_Projekti\razno\ShareFileInterface.hpp">
      <Filter>Header Files\razno</Filter>
    </ClInclude>
    <ClInclude Include="..\_Projekti\razno\Small_set.hpp">
      <Filter>Header Files\razno</Filter>
    </ClInclude>
    <ClInclude Include="..\_Projekti\razno\Stack_Instance.hpp">
      <Filter>Header Files\razno</Filter>
    </ClInclude>
    <ClInclude Include="..\_Projekti\razno\String_matcher.hpp">
      <Filter>Header Files\razno</Filter>
    </ClInclude>
    <ClInclude Include="..\_Projekti\razno\StringDouble.hpp">
      <Filter>Header Files\razno</Filter>
    </ClInclude>
    <ClInclude Include="..\_Projekti\razno\SymbolTable.hpp">
      <Filter>Header Files\razno</Filter>
    </ClInclude>
    <ClInclude Include="..\_Projekti\razno\Time.hpp">
      <Filter>Header Files\razno</Filter>
    </ClInclude>
    <ClInclude Include="..\_Projekti\razno\Word_match.hpp">
      <Filter>Header Files\razno</Filter>
    </ClInclude>
    <ClInclude Include="..\_Projekti\ThinkLAP\Automobile.h">
      <Filter>Header Files\ThinkLAP</Filter>
    </ClInclude>
    <ClInclude Include="..\_Projekti\ThinkLAP\myCharPtr.h">
      <Filter>Header Files\ThinkLAP</Filter>
    </ClInclude>
    <ClInclude Include="..\_Projekti\ThinkLAP\nPog6.hpp">
      <Filter>Header Files\ThinkLAP</Filter>
    </ClInclude>
    <ClInclude Include="..\_Projekti\ThinkLAP\Poglavlje2.h">
      <Filter>Header Files\ThinkLAP</Filter>
    </ClInclude>
    <ClInclude Include="..\_Projekti\ThinkLAP\Poglavlje3.h">
      <Filter>Header Files\ThinkLAP</Filter>
    </ClInclude>
    <ClInclude Include="..\_Projekti\ThinkLAP\Poglavlje4.h">
      <Filter>Header Files\ThinkLAP</Filter>
    </ClInclude>
    <ClInclude Include="..\_Projekti\ThinkLAP\Poglavlje5.h">
      <Filter>Header Files\ThinkLAP</Filter>
    </ClInclude>
    <ClInclude Include="..\_Projekti\ThinkLAP\Poglavlje6.h">
      <Filter>Header Files\ThinkLAP</Filter>
    </ClInclude>
    <ClInclude Include="..\_Projekti\ThinkLAP\Poglavlje7.h">
      <Filter>Header Files\ThinkLAP</Filter>
    </ClInclude>
    <ClInclude Include="..\_Projekti\ThinkLAP\Poglavlje8.h">
      <Filter>Header Files\ThinkLAP</Filter>
    </ClInclude>
    <ClInclude Include="..\_Projekti\ThinkLAP\StringLL.h">
      <Filter>Header Files\ThinkLAP</Filter>
    </ClInclude>
    <ClInclude Include="..\_Projekti\ThinkLAP\StringLLAdv.h">
      <Filter>Header Files\ThinkLAP</Filter>
    </ClInclude>
    <ClInclude Include="..\_Projekti\ThinkLAP\Student.h">
      <Filter>Header Files\ThinkLAP</Filter>
    </ClInclude>
    <ClInclude Include="..\_Projekti\ThinkLAP\Vjezbe.hpp">
      <Filter>Header Files\ThinkLAP</Filter>
    </ClInclude>
    <ClInclude Include="..\_Projekti\ThinkLAP\Zadaci_array.h">
      <Filter>Header Files\ThinkLAP</Filter>
    </ClInclude>
    <ClInclude Include="..\_Projekti\ThinkLAP\Zadaci_List.h">
      <Filter>Header Files\ThinkLAP</Filter>
    </ClInclude>
  </ItemGroup>
  <ItemGroup>
    <Text Include="..\_Projekti\C++ knjiga\lista.txt">
      <Filter>Resource Files\C++ knjiga</Filter>
    </Text>
    <Text Include="..\_Projekti\C++ knjiga\kompleks.txt">
      <Filter>Resource Files\C++ knjiga</Filter>
    </Text>
    <Text Include="..\_Projekti\C++ knjiga\filter.txt">
      <Filter>Resource Files\C++ knjiga</Filter>
    </Text>
    <Text Include="..\_Projekti\C++ knjiga\datoteka.txt">
      <Filter>Resource Files\C++ knjiga</Filter>
    </Text>
    <Text Include="..\_Projekti\C++ knjiga\cities.txt">
      <Filter>Resource Files\C++ knjiga</Filter>
    </Text>
    <Text Include="..\_Projekti\FESB\vj12_zad3_imena.txt">
      <Filter>Resource Files\FESB</Filter>
    </Text>
    <Text Include="..\_Projekti\FESB\vj11_zad4.txt">
      <Filter>Resource Files\FESB</Filter>
    </Text>
    <Text Include="..\_Projekti\FESB\vj11_zad3.txt">
      <Filter>Resource Files\FESB</Filter>
    </Text>
    <Text Include="..\_Projekti\FESB\vj11_zad2.txt">
      <Filter>Resource Files\FESB</Filter>
    </Text>
    <Text Include="..\_Projekti\FESB\test1_copy.txt">
      <Filter>Resource Files\FESB</Filter>
    </Text>
    <Text Include="..\_Projekti\FESB\test1.txt">
      <Filter>Resource Files\FESB</Filter>
    </Text>
  </ItemGroup>
</Project>