<?xml version="1.0" encoding="utf-8"?>
<Project ToolsVersion="4.0" xmlns="http://schemas.microsoft.com/developer/msbuild/2003">
  <ItemGroup>
    <Filter Include="Source Files">
      <UniqueIdentifier>{4FC737F1-C7A5-4376-A066-2A32D752A2FF}</UniqueIdentifier>
      <Extensions>cpp;c;cc;cxx;c++;cppm;ixx;def;odl;idl;hpj;bat;asm;asmx</Extensions>
    </Filter>
    <Filter Include="Header Files">
      <UniqueIdentifier>{93995380-89BD-4b04-88EB-625FBE52EBFB}</UniqueIdentifier>
      <Extensions>h;hh;hpp;hxx;h++;hm;inl;inc;ipp;xsd</Extensions>
    </Filter>
    <Filter Include="Resource Files">
      <UniqueIdentifier>{67DA6AB6-F800-4c08-8B7A-83BB121AAD01}</UniqueIdentifier>
      <Extensions>rc;ico;cur;bmp;dlg;rc2;rct;bin;rgs;gif;jpg;jpeg;jpe;resx;tiff;tif;png;wav;mfcribbon-ms</Extensions>
    </Filter>
    <Filter Include="Source Files\FESB">
      <UniqueIdentifier>{05e1b36a-171e-48d5-8d06-3688fc50b6c2}</UniqueIdentifier>
    </Filter>
    <Filter Include="Source Files\C++ knjiga">
      <UniqueIdentifier>{d46455e9-b53b-41cf-9d14-47e02a62ae7b}</UniqueIdentifier>
    </Filter>
    <Filter Include="Source Files\razno">
      <UniqueIdentifier>{73490c92-7028-43fd-b580-b613a43af048}</UniqueIdentifier>
    </Filter>
    <Filter Include="Source Files\ThinkLAP">
      <UniqueIdentifier>{21dd55ca-811b-4908-9886-24ea0a49ab7a}</UniqueIdentifier>
    </Filter>
  </ItemGroup>
  <ItemGroup>
    <ClCompile Include="..\_Projekti\FESB\Programiranje 2(7- 12 vjezbe).cpp">
      <Filter>Source Files\FESB</Filter>
    </ClCompile>
    <ClCompile Include="..\_Projekti\FESB\Programiranje 2.cpp">
      <Filter>Source Files\FESB</Filter>
    </ClCompile>
    <ClCompile Include="..\_Projekti\FESB\Source.cpp">
      <Filter>Source Files\FESB</Filter>
    </ClCompile>
    <ClCompile Include="..\_Projekti\C++ knjiga\bonus.cpp">
      <Filter>Source Files\C++ knjiga</Filter>
    </ClCompile>
    <ClCompile Include="..\_Projekti\C++ knjiga\CD.cpp">
      <Filter>Source Files\C++ knjiga</Filter>
    </ClCompile>
    <ClCompile Include="..\_Projekti\C++ knjiga\Cjelina1.cpp">
      <Filter>Source Files\C++ knjiga</Filter>
    </ClCompile>
    <ClCompile Include="..\_Projekti\C++ knjiga\Cjelina2.cpp">
      <Filter>Source Files\C++ knjiga</Filter>
    </ClCompile>
    <ClCompile Include="..\_Projekti\C++ knjiga\Cjelina3.cpp">
      <Filter>Source Files\C++ knjiga</Filter>
    </ClCompile>
    <ClCompile Include="..\_Projekti\C++ knjiga\Cjelina4.cpp">
      <Filter>Source Files\C++ knjiga</Filter>
    </ClCompile>
    <ClCompile Include="..\_Projekti\C++ knjiga\Cjelina5.cpp">
      <Filter>Source Files\C++ knjiga</Filter>
    </ClCompile>
    <ClCompile Include="..\_Projekti\C++ knjiga\Cjelina6.cpp">
      <Filter>Source Files\C++ knjiga</Filter>
    </ClCompile>
    <ClCompile Include="..\_Projekti\C++ knjiga\Cjelina7.cpp">
      <Filter>Source Files\C++ knjiga</Filter>
    </ClCompile>
    <ClCompile Include="..\_Projekti\C++ knjiga\Cjelina8.cpp">
      <Filter>Source Files\C++ knjiga</Filter>
    </ClCompile>
    <ClCompile Include="..\_Projekti\C++ knjiga\Cjelina9.cpp">
      <Filter>Source Files\C++ knjiga</Filter>
    </ClCompile>
    <ClCompile Include="..\_Projekti\C++ knjiga\Cjelina10.cpp">
      <Filter>Source Files\C++ knjiga</Filter>
    </ClCompile>
    <ClCompile Include="..\_Projekti\C++ knjiga\Clan_obitelji.cpp">
      <Filter>Source Files\C++ knjiga</Filter>
    </ClCompile>
    <ClCompile Include="..\_Projekti\C++ knjiga\Dijete.cpp">
      <Filter>Source Files\C++ knjiga</Filter>
    </ClCompile>
    <ClCompile Include="..\_Projekti\C++ knjiga\DVD.cpp">
      <Filter>Source Files\C++ knjiga</Filter>
    </ClCompile>
    <ClCompile Include="..\_Projekti\C++ knjiga\iarray.cpp">
      <Filter>Source Files\C++ knjiga</Filter>
    </ClCompile>
    <ClCompile Include="..\_Projekti\C++ knjiga\KlNiz.cpp">
      <Filter>Source Files\C++ knjiga</Filter>
    </ClCompile>
    <ClCompile Include="..\_Projekti\C++ knjiga\Kolegij.cpp">
      <Filter>Source Files\C++ knjiga</Filter>
    </ClCompile>
    <ClCompile Include="..\_Projekti\C++ knjiga\Kompleks.cpp">
      <Filter>Source Files\C++ knjiga</Filter>
    </ClCompile>
    <ClCompile Include="..\_Projekti\C++ knjiga\Krug.cpp">
      <Filter>Source Files\C++ knjiga</Filter>
    </ClCompile>
    <ClCompile Include="..\_Projekti\C++ knjiga\LP.cpp">
      <Filter>Source Files\C++ knjiga</Filter>
    </ClCompile>
    <ClCompile Include="..\_Projekti\C++ knjiga\main.cpp">
      <Filter>Source Files\C++ knjiga</Filter>
    </ClCompile>
    <ClCompile Include="..\_Projekti\C++ knjiga\MP3CD.cpp">
      <Filter>Source Files\C++ knjiga</Filter>
    </ClCompile>
    <ClCompile Include="..\_Projekti\C++ knjiga\OOP.cpp">
      <Filter>Source Files\C++ knjiga</Filter>
    </ClCompile>
    <ClCompile Include="..\_Projekti\C++ knjiga\Ploca.cpp">
      <Filter>Source Files\C++ knjiga</Filter>
    </ClCompile>
    <ClCompile Include="..\_Projekti\C++ knjiga\Roditelj.cpp">
      <Filter>Source Files\C++ knjiga</Filter>
    </ClCompile>
    <ClCompile Include="..\_Projekti\C++ knjiga\Tocka.cpp">
      <Filter>Source Files\C++ knjiga</Filter>
    </ClCompile>
    <ClCompile Include="..\_Projekti\C++ knjiga\Tocka2.cpp">
      <Filter>Source Files\C++ knjiga</Filter>
    </ClCompile>
    <ClCompile Include="..\_Projekti\C++ knjiga\Tocka2D.cpp">
      <Filter>Source Files\C++ knjiga</Filter>
    </ClCompile>
    <ClCompile Include="..\_Projekti\C++ knjiga\Tocka3D.cpp">
      <Filter>Source Files\C++ knjiga</Filter>
    </ClCompile>
    <ClCompile Include="..\_Projekti\C++ knjiga\z121.cpp">
      <Filter>Source Files\C++ knjiga</Filter>
    </ClCompile>
    <ClCompile Include="..\_Projekti\razno\_WTF.cpp">
      <Filter>Source Files\razno</Filter>
    </ClCompile>
    <ClCompile Include="..\_Projekti\razno\b_Number.cpp">
      <Filter>Source Files\razno</Filter>
    </ClCompile>
    <ClCompile Include="..\_Projekti\razno\b_Oblik.cpp">
      <Filter>Source Files\razno</Filter>
    </ClCompile>
    <ClCompile Include="..\_Projekti\razno\Checkbook.cpp">
      <Filter>Source Files\razno</Filter>
    </ClCompile>
    <ClCompile Include="..\_Projekti\razno\d_BlankStr_matcher.cpp">
      <Filter>Source Files\razno</Filter>
    </ClCompile>
    <ClCompile Include="..\_Projekti\razno\d_Dek.cpp">
      <Filter>Source Files\razno</Filter>
    </ClCompile>
    <ClCompile Include="..\_Projekti\razno\d_Hex.cpp">
      <Filter>Source Files\razno</Filter>
    </ClCompile>
    <ClCompile Include="..\_Projekti\razno\d_Krug.cpp">
      <Filter>Source Files\razno</Filter>
    </ClCompile>
    <ClCompile Include="..\_Projekti\razno\d_Kvadrat.cpp">
      <Filter>Source Files\razno</Filter>
    </ClCompile>
    <ClCompile Include="..\_Projekti\razno\d_Number_mather.cpp">
      <Filter>Source Files\razno</Filter>
    </ClCompile>
    <ClCompile Include="..\_Projekti\razno\d_Okt.cpp">
      <Filter>Source Files\razno</Filter>
    </ClCompile>
    <ClCompile Include="..\_Projekti\razno\d_Trokut.cpp">
      <Filter>Source Files\razno</Filter>
    </ClCompile>
    <ClCompile Include="..\_Projekti\razno\Decimal.cpp">
      <Filter>Source Files\razno</Filter>
    </ClCompile>
    <ClCompile Include="..\_Projekti\razno\Dogs.cpp">
      <Filter>Source Files\razno</Filter>
    </ClCompile>
    <ClCompile Include="..\_Projekti\razno\File_16C.cpp">
      <Filter>Source Files\razno</Filter>
    </ClCompile>
    <ClCompile Include="..\_Projekti\razno\FlashCards.cpp">
      <Filter>Source Files\razno</Filter>
    </ClCompile>
    <ClCompile Include="..\_Projekti\razno\Horses.cpp">
      <Filter>Source Files\razno</Filter>
    </ClCompile>
    <ClCompile Include="..\_Projekti\razno\infOsobi.cpp">
      <Filter>Source Files\razno</Filter>
    </ClCompile>
    <ClCompile Include="..\_Projekti\razno\Line_number.cpp">
      <Filter>Source Files\razno</Filter>
    </ClCompile>
    <ClCompile Include="..\_Projekti\razno\List.cpp">
      <Filter>Source Files\razno</Filter>
    </ClCompile>
    <ClCompile Include="..\_Projekti\razno\Mail_label.cpp">
      <Filter>Source Files\razno</Filter>
    </ClCompile>
    <ClCompile Include="..\_Projekti\razno\Niz_template.cpp">
      <Filter>Source Files\razno</Filter>
    </ClCompile>
    <ClCompile Include="..\_Projekti\razno\PageFormatting.cpp">
      <Filter>Source Files\razno</Filter>
    </ClCompile>
    <ClCompile Include="..\_Projekti\razno\Parsity.cpp">
      <Filter>Source Files\razno</Filter>
    </ClCompile>
    <ClCompile Include="..\_Projekti\razno\Pigs.cpp">
      <Filter>Source Files\razno</Filter>
    </ClCompile>
    <ClCompile Include="..\_Projekti\razno\Queue.cpp">
      <Filter>Source Files\razno</Filter>
    </ClCompile>
    <ClCompile Include="..\_Projekti\razno\Razlomak.cpp">
      <Filter>Source Files\razno</Filter>
    </ClCompile>
    <ClCompile Include="..\_Projekti\razno\razno.cpp">
      <Filter>Source Files\razno</Filter>
    </ClCompile>
    <ClCompile Include="..\_Projekti\razno\ShareFile1.cpp">
      <Filter>Source Files\razno</Filter>
    </ClCompile>
    <ClCompile Include="..\_Projekti\razno\ShareFile2_.cpp">
      <Filter>Source Files\razno</Filter>
    </ClCompile>
    <ClCompile Include="..\_Projekti\razno\ShareFileInterface.cpp">
      <Filter>Source Files\razno</Filter>
    </ClCompile>
    <ClCompile Include="..\_Projekti\razno\Small_set.cpp">
      <Filter>Source Files\razno</Filter>
    </ClCompile>
    <ClCompile Include="..\_Projekti\razno\Stack_Instance.cpp">
      <Filter>Source Files\razno</Filter>
    </ClCompile>
    <ClCompile Include="..\_Projekti\razno\String_matcher.cpp">
      <Filter>Source Files\razno</Filter>
    </ClCompile>
    <ClCompile Include="..\_Projekti\razno\StringDouble.cpp">
      <Filter>Source Files\razno</Filter>
    </ClCompile>
    <ClCompile Include="..\_Projekti\razno\SymbolTable.cpp">
      <Filter>Source Files\razno</Filter>
    </ClCompile>
    <ClCompile Include="..\_Projekti\razno\Time.cpp">
      <Filter>Source Files\razno</Filter>
    </ClCompile>
    <ClCompile Include="..\_Projekti\razno\Word_match.cpp">
      <Filter>Source Files\razno</Filter>
    </ClCompile>
    <ClCompile Include="main.cpp">
      <Filter>Source Files</Filter>
    </ClCompile>
    <ClCompile Include="..\_Projekti\ThinkLAP\__main.cpp">
      <Filter>Source Files\ThinkLAP</Filter>
    </ClCompile>
    <ClCompile Include="..\_Projekti\ThinkLAP\Automobile.cpp">
      <Filter>Source Files\ThinkLAP</Filter>
    </ClCompile>
    <ClCompile Include="..\_Projekti\ThinkLAP\main.cpp">
      <Filter>Source Files\ThinkLAP</Filter>
    </ClCompile>
    <ClCompile Include="..\_Projekti\ThinkLAP\myCharPtr.cpp">
      <Filter>Source Files\ThinkLAP</Filter>
    </ClCompile>
    <ClCompile Include="..\_Projekti\ThinkLAP\Poglavlje2.cpp">
      <Filter>Source Files\ThinkLAP</Filter>
    </ClCompile>
    <ClCompile Include="..\_Projekti\ThinkLAP\Poglavlje3.cpp">
      <Filter>Source Files\ThinkLAP</Filter>
    </ClCompile>
    <ClCompile Include="..\_Projekti\ThinkLAP\Poglavlje4.cpp">
      <Filter>Source Files\ThinkLAP</Filter>
    </ClCompile>
    <ClCompile Include="..\_Projekti\ThinkLAP\Poglavlje5.cpp">
      <Filter>Source Files\ThinkLAP</Filter>
    </ClCompile>
    <ClCompile Include="..\_Projekti\ThinkLAP\Poglavlje6.cpp">
      <Filter>Source Files\ThinkLAP</Filter>
    </ClCompile>
    <ClCompile Include="..\_Projekti\ThinkLAP\Poglavlje7.cpp">
      <Filter>Source Files\ThinkLAP</Filter>
    </ClCompile>
    <ClCompile Include="..\_Projekti\ThinkLAP\Poglavlje8.cpp">
      <Filter>Source Files\ThinkLAP</Filter>
    </ClCompile>
    <ClCompile Include="..\_Projekti\ThinkLAP\StringLinkedList.cpp">
      <Filter>Source Files\ThinkLAP</Filter>
    </ClCompile>
    <ClCompile Include="..\_Projekti\ThinkLAP\Student.cpp">
      <Filter>Source Files\ThinkLAP</Filter>
    </ClCompile>
    <ClCompile Include="..\_Projekti\ThinkLAP\test_Zadaci_array.cpp">
      <Filter>Source Files\ThinkLAP</Filter>
    </ClCompile>
    <ClCompile Include="..\_Projekti\ThinkLAP\Vjezbe.cpp">
      <Filter>Source Files\ThinkLAP</Filter>
    </ClCompile>
    <ClCompile Include="..\_Projekti\ThinkLAP\Zadaci_array.cpp">
      <Filter>Source Files\ThinkLAP</Filter>
    </ClCompile>
    <ClCompile Include="..\_Projekti\ThinkLAP\Zadaci_List.cpp">
      <Filter>Source Files\ThinkLAP</Filter>
    </ClCompile>
  </ItemGroup>
</Project>